// !$*UTF8*$!
{
	archiveVersion = 1;
	classes = {
	};
	objectVersion = 50;
	objects = {

/* Begin PBXBuildFile section */
		D47B539D20825E3900880663 /* AppDelegate.swift in Sources */ = {isa = PBXBuildFile; fileRef = D47B539C20825E3900880663 /* AppDelegate.swift */; };
		D47B53A220825E3900880663 /* Main.storyboard in Resources */ = {isa = PBXBuildFile; fileRef = D47B53A020825E3900880663 /* Main.storyboard */; };
		D47B53A520825E3900880663 /* CoreDataDemo.xcdatamodeld in Sources */ = {isa = PBXBuildFile; fileRef = D47B53A320825E3900880663 /* CoreDataDemo.xcdatamodeld */; };
		D47B53A720825E3E00880663 /* Assets.xcassets in Resources */ = {isa = PBXBuildFile; fileRef = D47B53A620825E3E00880663 /* Assets.xcassets */; };
		D47B53AA20825E3E00880663 /* LaunchScreen.storyboard in Resources */ = {isa = PBXBuildFile; fileRef = D47B53A820825E3E00880663 /* LaunchScreen.storyboard */; };
		D47B53B22082663600880663 /* TableViewController.swift in Sources */ = {isa = PBXBuildFile; fileRef = D47B53B12082663600880663 /* TableViewController.swift */; };
		D484F25820837BC0001A370F /* Person+CoreDataClass.swift in Sources */ = {isa = PBXBuildFile; fileRef = D484F25620837BC0001A370F /* Person+CoreDataClass.swift */; };
		D484F25920837BC0001A370F /* Person+CoreDataProperties.swift in Sources */ = {isa = PBXBuildFile; fileRef = D484F25720837BC0001A370F /* Person+CoreDataProperties.swift */; };
/* End PBXBuildFile section */

/* Begin PBXFileReference section */
		D47B539920825E3900880663 /* CoreDataDemo.app */ = {isa = PBXFileReference; explicitFileType = wrapper.application; includeInIndex = 0; path = CoreDataDemo.app; sourceTree = BUILT_PRODUCTS_DIR; };
		D47B539C20825E3900880663 /* AppDelegate.swift */ = {isa = PBXFileReference; lastKnownFileType = sourcecode.swift; path = AppDelegate.swift; sourceTree = "<group>"; };
		D47B53A120825E3900880663 /* Base */ = {isa = PBXFileReference; lastKnownFileType = file.storyboard; name = Base; path = Base.lproj/Main.storyboard; sourceTree = "<group>"; };
		D47B53A420825E3900880663 /* CoreDataDemo.xcdatamodel */ = {isa = PBXFileReference; lastKnownFileType = wrapper.xcdatamodel; path = CoreDataDemo.xcdatamodel; sourceTree = "<group>"; };
		D47B53A620825E3E00880663 /* Assets.xcassets */ = {isa = PBXFileReference; lastKnownFileType = folder.assetcatalog; path = Assets.xcassets; sourceTree = "<group>"; };
		D47B53A920825E3E00880663 /* Base */ = {isa = PBXFileReference; lastKnownFileType = file.storyboard; name = Base; path = Base.lproj/LaunchScreen.storyboard; sourceTree = "<group>"; };
		D47B53AB20825E3E00880663 /* Info.plist */ = {isa = PBXFileReference; lastKnownFileType = text.plist.xml; path = Info.plist; sourceTree = "<group>"; };
		D47B53B12082663600880663 /* TableViewController.swift */ = {isa = PBXFileReference; lastKnownFileType = sourcecode.swift; path = TableViewController.swift; sourceTree = "<group>"; };
		D484F25620837BC0001A370F /* Person+CoreDataClass.swift */ = {isa = PBXFileReference; lastKnownFileType = sourcecode.swift; path = "Person+CoreDataClass.swift"; sourceTree = "<group>"; };
		D484F25720837BC0001A370F /* Person+CoreDataProperties.swift */ = {isa = PBXFileReference; lastKnownFileType = sourcecode.swift; path = "Person+CoreDataProperties.swift"; sourceTree = "<group>"; };
/* End PBXFileReference section */

/* Begin PBXFrameworksBuildPhase section */
		D47B539620825E3900880663 /* Frameworks */ = {
			isa = PBXFrameworksBuildPhase;
			buildActionMask = 2147483647;
			files = (
			);
			runOnlyForDeploymentPostprocessing = 0;
		};
/* End PBXFrameworksBuildPhase section */

/* Begin PBXGroup section */
		D47B539020825E3900880663 = {
			isa = PBXGroup;
			children = (
				D47B539B20825E3900880663 /* CoreDataDemo */,
				D47B539A20825E3900880663 /* Products */,
			);
			sourceTree = "<group>";
		};
		D47B539A20825E3900880663 /* Products */ = {
			isa = PBXGroup;
			children = (
				D47B539920825E3900880663 /* CoreDataDemo.app */,
			);
			name = Products;
			sourceTree = "<group>";
		};
		D47B539B20825E3900880663 /* CoreDataDemo */ = {
			isa = PBXGroup;
			children = (
				D47B539C20825E3900880663 /* AppDelegate.swift */,
				D47B53B12082663600880663 /* TableViewController.swift */,
				D47B53A020825E3900880663 /* Main.storyboard */,
				D47B53A620825E3E00880663 /* Assets.xcassets */,
				D47B53A820825E3E00880663 /* LaunchScreen.storyboard */,
				D47B53AB20825E3E00880663 /* Info.plist */,
				D47B53A320825E3900880663 /* CoreDataDemo.xcdatamodeld */,
				D484F25620837BC0001A370F /* Person+CoreDataClass.swift */,
				D484F25720837BC0001A370F /* Person+CoreDataProperties.swift */,
			);
			path = CoreDataDemo;
			sourceTree = "<group>";
		};
/* End PBXGroup section */

/* Begin PBXNativeTarget section */
		D47B539820825E3900880663 /* CoreDataDemo */ = {
			isa = PBXNativeTarget;
			buildConfigurationList = D47B53AE20825E3E00880663 /* Build configuration list for PBXNativeTarget "CoreDataDemo" */;
			buildPhases = (
				D47B539520825E3900880663 /* Sources */,
				D47B539620825E3900880663 /* Frameworks */,
				D47B539720825E3900880663 /* Resources */,
			);
			buildRules = (
			);
			dependencies = (
			);
			name = CoreDataDemo;
			productName = CoreDataDemo;
			productReference = D47B539920825E3900880663 /* CoreDataDemo.app */;
			productType = "com.apple.product-type.application";
		};
/* End PBXNativeTarget section */

/* Begin PBXProject section */
		D47B539120825E3900880663 /* Project object */ = {
			isa = PBXProject;
			attributes = {
				LastSwiftUpdateCheck = 0930;
				LastUpgradeCheck = 0930;
				ORGANIZATIONNAME = "Mohamed Sobhi Fouda";
				TargetAttributes = {
					D47B539820825E3900880663 = {
						CreatedOnToolsVersion = 9.3;
					};
				};
			};
			buildConfigurationList = D47B539420825E3900880663 /* Build configuration list for PBXProject "CoreDataDemo" */;
			compatibilityVersion = "Xcode 9.3";
			developmentRegion = en;
			hasScannedForEncodings = 0;
			knownRegions = (
				en,
				Base,
			);
			mainGroup = D47B539020825E3900880663;
			productRefGroup = D47B539A20825E3900880663 /* Products */;
			projectDirPath = "";
			projectRoot = "";
			targets = (
				D47B539820825E3900880663 /* CoreDataDemo */,
			);
		};
/* End PBXProject section */

/* Begin PBXResourcesBuildPhase section */
		D47B539720825E3900880663 /* Resources */ = {
			isa = PBXResourcesBuildPhase;
			buildActionMask = 2147483647;
			files = (
				D47B53AA20825E3E00880663 /* LaunchScreen.storyboard in Resources */,
				D47B53A720825E3E00880663 /* Assets.xcassets in Resources */,
				D47B53A220825E3900880663 /* Main.storyboard in Resources */,
			);
			runOnlyForDeploymentPostprocessing = 0;
		};
/* End PBXResourcesBuildPhase section */

/* Begin PBXSourcesBuildPhase section */
		D47B539520825E3900880663 /* Sources */ = {
			isa = PBXSourcesBuildPhase;
			buildActionMask = 2147483647;
			files = (
				D484F25820837BC0001A370F /* Person+CoreDataClass.swift in Sources */,
				D484F25920837BC0001A370F /* Person+CoreDataProperties.swift in Sources */,
				D47B53A520825E3900880663 /* CoreDataDemo.xcdatamodeld in Sources */,
				D47B53B22082663600880663 /* TableViewController.swift in Sources */,
				D47B539D20825E3900880663 /* AppDelegate.swift in Sources */,
			);
			runOnlyForDeploymentPostprocessing = 0;
		};
/* End PBXSourcesBuildPhase section */

/* Begin PBXVariantGroup section */
		D47B53A020825E3900880663 /* Main.storyboard */ = {
			isa = PBXVariantGroup;
			children = (
				D47B53A120825E3900880663 /* Base */,
			);
			name = Main.storyboard;
			sourceTree = "<group>";
		};
		D47B53A820825E3E00880663 /* LaunchScreen.storyboard */ = {
			isa = PBXVariantGroup;
			children = (
				D47B53A920825E3E00880663 /* Base */,
			);
			name = LaunchScreen.storyboard;
			sourceTree = "<group>";
		};
/* End PBXVariantGroup section */

/* Begin XCBuildConfiguration section */
		D47B53AC20825E3E00880663 /* Debug */ = {
			isa = XCBuildConfiguration;
			buildSettings = {
				ALWAYS_SEARCH_USER_PATHS = NO;
				CLANG_ANALYZER_NONNULL = YES;
				CLANG_ANALYZER_NUMBER_OBJECT_CONVERSION = YES_AGGRESSIVE;
				CLANG_CXX_LANGUAGE_STANDARD = "gnu++14";
				CLANG_CXX_LIBRARY = "libc++";
				CLANG_ENABLE_MODULES = YES;
				CLANG_ENABLE_OBJC_ARC = YES;
				CLANG_ENABLE_OBJC_WEAK = YES;
				CLANG_WARN_BLOCK_CAPTURE_AUTORELEASING = YES;
				CLANG_WARN_BOOL_CONVERSION = YES;
				CLANG_WARN_COMMA = YES;
				CLANG_WARN_CONSTANT_CONVERSION = YES;
				CLANG_WARN_DEPRECATED_OBJC_IMPLEMENTATIONS = YES;
				CLANG_WARN_DIRECT_OBJC_ISA_USAGE = YES_ERROR;
				CLANG_WARN_DOCUMENTATION_COMMENTS = YES;
				CLANG_WARN_EMPTY_BODY = YES;
				CLANG_WARN_ENUM_CONVERSION = YES;
				CLANG_WARN_INFINITE_RECURSION = YES;
				CLANG_WARN_INT_CONVERSION = YES;
				CLANG_WARN_NON_LITERAL_NULL_CONVERSION = YES;
				CLANG_WARN_OBJC_IMPLICIT_RETAIN_SELF = YES;
				CLANG_WARN_OBJC_LITERAL_CONVERSION = YES;
				CLANG_WARN_OBJC_ROOT_CLASS = YES_ERROR;
				CLANG_WARN_RANGE_LOOP_ANALYSIS = YES;
				CLANG_WARN_STRICT_PROTOTYPES = YES;
				CLANG_WARN_SUSPICIOUS_MOVE = YES;
				CLANG_WARN_UNGUARDED_AVAILABILITY = YES_AGGRESSIVE;
				CLANG_WARN_UNREACHABLE_CODE = YES;
				CLANG_WARN__DUPLICATE_METHOD_MATCH = YES;
				CODE_SIGN_IDENTITY = "iPhone Developer";
				COPY_PHASE_STRIP = NO;
				DEBUG_INFORMATION_FORMAT = dwarf;
				ENABLE_STRICT_OBJC_MSGSEND = YES;
				ENABLE_TESTABILITY = YES;
				GCC_C_LANGUAGE_STANDARD = gnu11;
				GCC_DYNAMIC_NO_PIC = NO;
				GCC_NO_COMMON_BLOCKS = YES;
				GCC_OPTIMIZATION_LEVEL = 0;
				GCC_PREPROCESSOR_DEFINITIONS = (
					"DEBUG=1",
					"$(inherited)",
				);
				GCC_WARN_64_TO_32_BIT_CONVERSION = YES;
				GCC_WARN_ABOUT_RETURN_TYPE = YES_ERROR;
				GCC_WARN_UNDECLARED_SELECTOR = YES;
				GCC_WARN_UNINITIALIZED_AUTOS = YES_AGGRESSIVE;
				GCC_WARN_UNUSED_FUNCTION = YES;
				GCC_WARN_UNUSED_VARIABLE = YES;
				IPHONEOS_DEPLOYMENT_TARGET = 11.3;
				MTL_ENABLE_DEBUG_INFO = YES;
				ONLY_ACTIVE_ARCH = YES;
				SDKROOT = iphoneos;
				SWIFT_ACTIVE_COMPILATION_CONDITIONS = DEBUG;
				SWIFT_OPTIMIZATION_LEVEL = "-Onone";
			};
			name = Debug;
		};
		D47B53AD20825E3E00880663 /* Release */ = {
			isa = XCBuildConfiguration;
			buildSettings = {
				ALWAYS_SEARCH_USER_PATHS = NO;
				CLANG_ANALYZER_NONNULL = YES;
				CLANG_ANALYZER_NUMBER_OBJECT_CONVERSION = YES_AGGRESSIVE;
				CLANG_CXX_LANGUAGE_STANDARD = "gnu++14";
				CLANG_CXX_LIBRARY = "libc++";
				CLANG_ENABLE_MODULES = YES;
				CLANG_ENABLE_OBJC_ARC = YES;
				CLANG_ENABLE_OBJC_WEAK = YES;
				CLANG_WARN_BLOCK_CAPTURE_AUTORELEASING = YES;
				CLANG_WARN_BOOL_CONVERSION = YES;
				CLANG_WARN_COMMA = YES;
				CLANG_WARN_CONSTANT_CONVERSION = YES;
				CLANG_WARN_DEPRECATED_OBJC_IMPLEMENTATIONS = YES;
				CLANG_WARN_DIRECT_OBJC_ISA_USAGE = YES_ERROR;
				CLANG_WARN_DOCUMENTATION_COMMENTS = YES;
				CLANG_WARN_EMPTY_BODY = YES;
				CLANG_WARN_ENUM_CONVERSION = YES;
				CLANG_WARN_INFINITE_RECURSION = YES;
				CLANG_WARN_INT_CONVERSION = YES;
				CLANG_WARN_NON_LITERAL_NULL_CONVERSION = YES;
				CLANG_WARN_OBJC_IMPLICIT_RETAIN_SELF = YES;
				CLANG_WARN_OBJC_LITERAL_CONVERSION = YES;
				CLANG_WARN_OBJC_ROOT_CLASS = YES_ERROR;
				CLANG_WARN_RANGE_LOOP_ANALYSIS = YES;
				CLANG_WARN_STRICT_PROTOTYPES = YES;
				CLANG_WARN_SUSPICIOUS_MOVE = YES;
				CLANG_WARN_UNGUARDED_AVAILABILITY = YES_AGGRESSIVE;
				CLANG_WARN_UNREACHABLE_CODE = YES;
				CLANG_WARN__DUPLICATE_METHOD_MATCH = YES;
				CODE_SIGN_IDENTITY = "iPhone Developer";
				COPY_PHASE_STRIP = NO;
				DEBUG_INFORMATION_FORMAT = "dwarf-with-dsym";
				ENABLE_NS_ASSERTIONS = NO;
				ENABLE_STRICT_OBJC_MSGSEND = YES;
				GCC_C_LANGUAGE_STANDARD = gnu11;
				GCC_NO_COMMON_BLOCKS = YES;
				GCC_WARN_64_TO_32_BIT_CONVERSION = YES;
				GCC_WARN_ABOUT_RETURN_TYPE = YES_ERROR;
				GCC_WARN_UNDECLARED_SELECTOR = YES;
				GCC_WARN_UNINITIALIZED_AUTOS = YES_AGGRESSIVE;
				GCC_WARN_UNUSED_FUNCTION = YES;
				GCC_WARN_UNUSED_VARIABLE = YES;
				IPHONEOS_DEPLOYMENT_TARGET = 11.3;
				MTL_ENABLE_DEBUG_INFO = NO;
				SDKROOT = iphoneos;
				SWIFT_COMPILATION_MODE = wholemodule;
				SWIFT_OPTIMIZATION_LEVEL = "-O";
				VALIDATE_PRODUCT = YES;
			};
			name = Release;
		};
		D47B53AF20825E3E00880663 /* Debug */ = {
			isa = XCBuildConfiguration;
			buildSettings = {
				ASSETCATALOG_COMPILER_APPICON_NAME = AppIcon;
				CODE_SIGN_STYLE = Automatic;
				DEVELOPMENT_TEAM = NB6843XNJU;
				INFOPLIST_FILE = CoreDataDemo/Info.plist;
				LD_RUNPATH_SEARCH_PATHS = (
					"$(inherited)",
					"@executable_path/Frameworks",
				);
				PRODUCT_BUNDLE_IDENTIFIER = mrsobhi.CoreDataDemo;
				PRODUCT_NAME = "$(TARGET_NAME)";
				SWIFT_VERSION = 4.0;
				TARGETED_DEVICE_FAMILY = "1,2";
			};
			name = Debug;
		};
		D47B53B020825E3E00880663 /* Release */ = {
			isa = XCBuildConfiguration;
			buildSettings = {
				ASSETCATALOG_COMPILER_APPICON_NAME = AppIcon;
				CODE_SIGN_STYLE = Automatic;
				DEVELOPMENT_TEAM = NB6843XNJU;
				INFOPLIST_FILE = CoreDataDemo/Info.plist;
				LD_RUNPATH_SEARCH_PATHS = (
					"$(inherited)",
					"@executable_path/Frameworks",
				);
				PRODUCT_BUNDLE_IDENTIFIER = mrsobhi.CoreDataDemo;
				PRODUCT_NAME = "$(TARGET_NAME)";
				SWIFT_VERSION = 4.0;
				TARGETED_DEVICE_FAMILY = "1,2";
			};
			name = Release;
		};
/* End XCBuildConfiguration section */

/* Begin XCConfigurationList section */
		D47B539420825E3900880663 /* Build configuration list for PBXProject "CoreDataDemo" */ = {
			isa = XCConfigurationList;
			buildConfigurations = (
				D47B53AC20825E3E00880663 /* Debug */,
				D47B53AD20825E3E00880663 /* Release */,
			);
			defaultConfigurationIsVisible = 0;
			defaultConfigurationName = Release;
		};
		D47B53AE20825E3E00880663 /* Build configuration list for PBXNativeTarget "CoreDataDemo" */ = {
			isa = XCConfigurationList;
			buildConfigurations = (
				D47B53AF20825E3E00880663 /* Debug */,
				D47B53B020825E3E00880663 /* Release */,
			);
			defaultConfigurationIsVisible = 0;
			defaultConfigurationName = Release;
		};
/* End XCConfigurationList section */

/* Begin XCVersionGroup section */
		D47B53A320825E3900880663 /* CoreDataDemo.xcdatamodeld */ = {
			isa = XCVersionGroup;
			children = (
				D47B53A420825E3900880663 /* CoreDataDemo.xcdatamodel */,
			);
			currentVersion = D47B53A420825E3900880663 /* CoreDataDemo.xcdatamodel */;
			path = CoreDataDemo.xcdatamodeld;
			sourceTree = "<group>";
			versionGroupType = wrapper.xcdatamodel;
		};
/* End XCVersionGroup section */
	};
	rootObject = D47B539120825E3900880663 /* Project object */;
}
